<?xml version="1.0" encoding="utf-8"?>
<Project ToolsVersion="4.0" xmlns="http://schemas.microsoft.com/developer/msbuild/2003">
  <ItemGroup>
    <Filter Include="Source Files">
      <UniqueIdentifier>{4FC737F1-C7A5-4376-A066-2A32D752A2FF}</UniqueIdentifier>
      <Extensions>cpp;c;cc;cxx;c++;cppm;ixx;def;odl;idl;hpj;bat;asm;asmx</Extensions>
    </Filter>
    <Filter Include="Header Files">
      <UniqueIdentifier>{93995380-89BD-4b04-88EB-625FBE52EBFB}</UniqueIdentifier>
      <Extensions>h;hh;hpp;hxx;h++;hm;inl;inc;ipp;xsd</Extensions>
    </Filter>
    <Filter Include="Resource Files">
      <UniqueIdentifier>{67DA6AB6-F800-4c08-8B7A-83BB121AAD01}</UniqueIdentifier>
      <Extensions>rc;ico;cur;bmp;dlg;rc2;rct;bin;rgs;gif;jpg;jpeg;jpe;resx;tiff;tif;png;wav;mfcribbon-ms</Extensions>
    </Filter>
    <Filter Include="Source Files\Semester 2">
      <UniqueIdentifier>{df5b916b-c672-459c-bd81-d9a03a77592a}</UniqueIdentifier>
    </Filter>
    <Filter Include="Source Files\Semester 2\Lab 1">
      <UniqueIdentifier>{da6c1069-d611-4f41-aac9-672f722859f9}</UniqueIdentifier>
    </Filter>
    <Filter Include="Source Files\Semester 2\Lab 2">
      <UniqueIdentifier>{23fa7a50-0387-4016-a347-3378b7c76ef3}</UniqueIdentifier>
    </Filter>
    <Filter Include="Source Files\Semester 1">
      <UniqueIdentifier>{da9f39c2-38e8-4642-a339-8b4ccf2cc190}</UniqueIdentifier>
    </Filter>
    <Filter Include="Source Files\Semester 1\Lab 1">
      <UniqueIdentifier>{c0d1a848-d442-4bb8-ac5d-22268ca73030}</UniqueIdentifier>
    </Filter>
    <Filter Include="Source Files\Semester 1\Lab 2">
      <UniqueIdentifier>{be3cd911-2a0d-43bb-a25c-b7f3b904000a}</UniqueIdentifier>
    </Filter>
  </ItemGroup>
  <ItemGroup>
    <ClCompile Include="sem1_lab_1.cpp">
      <Filter>Source Files\Semester 1\Lab 1</Filter>
    </ClCompile>
    <ClCompile Include="sem1_lab_2.cpp">
      <Filter>Source Files\Semester 1\Lab 2</Filter>
    </ClCompile>
    <ClCompile Include="sem2_lab_1.cpp">
      <Filter>Source Files\Semester 2\Lab 1</Filter>
    </ClCompile>
    <ClCompile Include="data_types.cpp">
      <Filter>Source Files\Semester 2</Filter>
    </ClCompile>
    <ClCompile Include="main.cpp">
      <Filter>Source Files\Semester 2\Lab 2</Filter>
    </ClCompile>
  </ItemGroup>
  <ItemGroup>
    <Text Include="input.txt">
      <Filter>Source Files\Semester 1\Lab 1</Filter>
    </Text>
  </ItemGroup>
  <ItemGroup>
    <ClInclude Include="data_types.h">
      <Filter>Source Files\Semester 2</Filter>
    </ClInclude>
    <ClInclude Include="binomial_heap.h">
      <Filter>Source Files\Semester 2\Lab 2</Filter>
    </ClInclude>
    <ClInclude Include="test_runner.h">
      <Filter>Source Files\Semester 2\Lab 2</Filter>
    </ClInclude>
  </ItemGroup>
</Project>